// !$*UTF8*$!
{
	archiveVersion = 1;
	classes = {
	};
	objectVersion = 50;
	objects = {

/* Begin PBXBuildFile section */
		02B6FBBEE88F24F353D69BFC /* Pods_Agora_AR_Call.framework in Frameworks */ = {isa = PBXBuildFile; fileRef = 2F4B14B2A198163D5E69D2B9 /* Pods_Agora_AR_Call.framework */; };
		EC5183AA2409418F00C9AE9F /* AppDelegate.swift in Sources */ = {isa = PBXBuildFile; fileRef = EC5183A92409418F00C9AE9F /* AppDelegate.swift */; };
		EC5183AC2409418F00C9AE9F /* SceneDelegate.swift in Sources */ = {isa = PBXBuildFile; fileRef = EC5183AB2409418F00C9AE9F /* SceneDelegate.swift */; };
		EC5183AE2409418F00C9AE9F /* ViewController.swift in Sources */ = {isa = PBXBuildFile; fileRef = EC5183AD2409418F00C9AE9F /* ViewController.swift */; };
		EC5183B12409418F00C9AE9F /* Main.storyboard in Resources */ = {isa = PBXBuildFile; fileRef = EC5183AF2409418F00C9AE9F /* Main.storyboard */; };
		EC5183B32409419300C9AE9F /* Assets.xcassets in Resources */ = {isa = PBXBuildFile; fileRef = EC5183B22409419300C9AE9F /* Assets.xcassets */; };
		EC5183B62409419300C9AE9F /* LaunchScreen.storyboard in Resources */ = {isa = PBXBuildFile; fileRef = EC5183B42409419300C9AE9F /* LaunchScreen.storyboard */; };
		ECDD4E97240C6B830060B14B /* VideoCallService.swift in Sources */ = {isa = PBXBuildFile; fileRef = ECDD4E96240C6B830060B14B /* VideoCallService.swift */; };
		ECDD4E99240D02C70060B14B /* HostViewController.swift in Sources */ = {isa = PBXBuildFile; fileRef = ECDD4E98240D02C70060B14B /* HostViewController.swift */; };
		ECDD4EA7240D0F720060B14B /* AgoraViewControllerProtocol.swift in Sources */ = {isa = PBXBuildFile; fileRef = ECDD4EA6240D0F720060B14B /* AgoraViewControllerProtocol.swift */; };
		ECDD4EA9240D1F760060B14B /* VideoSource.swift in Sources */ = {isa = PBXBuildFile; fileRef = ECDD4EA8240D1F760060B14B /* VideoSource.swift */; };
		ECDD4EAD240D33DE0060B14B /* ImageConverter.swift in Sources */ = {isa = PBXBuildFile; fileRef = ECDD4EAC240D33DE0060B14B /* ImageConverter.swift */; };
/* End PBXBuildFile section */

/* Begin PBXFileReference section */
		2F4B14B2A198163D5E69D2B9 /* Pods_Agora_AR_Call.framework */ = {isa = PBXFileReference; explicitFileType = wrapper.framework; includeInIndex = 0; path = Pods_Agora_AR_Call.framework; sourceTree = BUILT_PRODUCTS_DIR; };
		3C153D851AB1CD1803157F1B /* Pods-Agora_AR_Call.release.xcconfig */ = {isa = PBXFileReference; includeInIndex = 1; lastKnownFileType = text.xcconfig; name = "Pods-Agora_AR_Call.release.xcconfig"; path = "Target Support Files/Pods-Agora_AR_Call/Pods-Agora_AR_Call.release.xcconfig"; sourceTree = "<group>"; };
		3DC592F5C82E14F2138A4FD2 /* Pods-Agora_AR_Call.debug.xcconfig */ = {isa = PBXFileReference; includeInIndex = 1; lastKnownFileType = text.xcconfig; name = "Pods-Agora_AR_Call.debug.xcconfig"; path = "Target Support Files/Pods-Agora_AR_Call/Pods-Agora_AR_Call.debug.xcconfig"; sourceTree = "<group>"; };
		EC5183A62409418F00C9AE9F /* Agora_AR_Call.app */ = {isa = PBXFileReference; explicitFileType = wrapper.application; includeInIndex = 0; path = Agora_AR_Call.app; sourceTree = BUILT_PRODUCTS_DIR; };
		EC5183A92409418F00C9AE9F /* AppDelegate.swift */ = {isa = PBXFileReference; lastKnownFileType = sourcecode.swift; path = AppDelegate.swift; sourceTree = "<group>"; };
		EC5183AB2409418F00C9AE9F /* SceneDelegate.swift */ = {isa = PBXFileReference; lastKnownFileType = sourcecode.swift; path = SceneDelegate.swift; sourceTree = "<group>"; };
		EC5183AD2409418F00C9AE9F /* ViewController.swift */ = {isa = PBXFileReference; lastKnownFileType = sourcecode.swift; path = ViewController.swift; sourceTree = "<group>"; };
		EC5183B02409418F00C9AE9F /* Base */ = {isa = PBXFileReference; lastKnownFileType = file.storyboard; name = Base; path = Base.lproj/Main.storyboard; sourceTree = "<group>"; };
		EC5183B22409419300C9AE9F /* Assets.xcassets */ = {isa = PBXFileReference; lastKnownFileType = folder.assetcatalog; path = Assets.xcassets; sourceTree = "<group>"; };
		EC5183B52409419300C9AE9F /* Base */ = {isa = PBXFileReference; lastKnownFileType = file.storyboard; name = Base; path = Base.lproj/LaunchScreen.storyboard; sourceTree = "<group>"; };
		EC5183B72409419300C9AE9F /* Info.plist */ = {isa = PBXFileReference; lastKnownFileType = text.plist.xml; path = Info.plist; sourceTree = "<group>"; };
		ECDD4E96240C6B830060B14B /* VideoCallService.swift */ = {isa = PBXFileReference; lastKnownFileType = sourcecode.swift; path = VideoCallService.swift; sourceTree = "<group>"; };
		ECDD4E98240D02C70060B14B /* HostViewController.swift */ = {isa = PBXFileReference; lastKnownFileType = sourcecode.swift; path = HostViewController.swift; sourceTree = "<group>"; };
		ECDD4EA6240D0F720060B14B /* AgoraViewControllerProtocol.swift */ = {isa = PBXFileReference; lastKnownFileType = sourcecode.swift; path = AgoraViewControllerProtocol.swift; sourceTree = "<group>"; };
		ECDD4EA8240D1F760060B14B /* VideoSource.swift */ = {isa = PBXFileReference; lastKnownFileType = sourcecode.swift; path = VideoSource.swift; sourceTree = "<group>"; };
		ECDD4EAC240D33DE0060B14B /* ImageConverter.swift */ = {isa = PBXFileReference; lastKnownFileType = sourcecode.swift; path = ImageConverter.swift; sourceTree = "<group>"; };
/* End PBXFileReference section */

/* Begin PBXFrameworksBuildPhase section */
		EC5183A32409418F00C9AE9F /* Frameworks */ = {
			isa = PBXFrameworksBuildPhase;
			buildActionMask = 2147483647;
			files = (
				02B6FBBEE88F24F353D69BFC /* Pods_Agora_AR_Call.framework in Frameworks */,
			);
			runOnlyForDeploymentPostprocessing = 0;
		};
/* End PBXFrameworksBuildPhase section */

/* Begin PBXGroup section */
		959B8B5C9AAC1459093261D1 /* Frameworks */ = {
			isa = PBXGroup;
			children = (
				2F4B14B2A198163D5E69D2B9 /* Pods_Agora_AR_Call.framework */,
			);
			name = Frameworks;
			sourceTree = "<group>";
		};
		DE3B24B80B14B3EE31B419D6 /* Pods */ = {
			isa = PBXGroup;
			children = (
				3DC592F5C82E14F2138A4FD2 /* Pods-Agora_AR_Call.debug.xcconfig */,
				3C153D851AB1CD1803157F1B /* Pods-Agora_AR_Call.release.xcconfig */,
			);
			path = Pods;
			sourceTree = "<group>";
		};
		EC51839D2409418E00C9AE9F = {
			isa = PBXGroup;
			children = (
				EC5183A82409418F00C9AE9F /* Agora_AR_Call */,
				EC5183A72409418F00C9AE9F /* Products */,
				DE3B24B80B14B3EE31B419D6 /* Pods */,
				959B8B5C9AAC1459093261D1 /* Frameworks */,
			);
			sourceTree = "<group>";
		};
		EC5183A72409418F00C9AE9F /* Products */ = {
			isa = PBXGroup;
			children = (
				EC5183A62409418F00C9AE9F /* Agora_AR_Call.app */,
			);
			name = Products;
			sourceTree = "<group>";
		};
		EC5183A82409418F00C9AE9F /* Agora_AR_Call */ = {
			isa = PBXGroup;
			children = (
				ECDD4EA5240D03F40060B14B /* VIdeoCallService */,
				ECDD4EA4240D03E30060B14B /* ViewControllers */,
				ECDD4EA0240D03A90060B14B /* AppDelegates */,
				ECDD4E9F240D03980060B14B /* Storyboards */,
				ECDD4E9D240D037C0060B14B /* Resources */,
			);
			path = Agora_AR_Call;
			sourceTree = "<group>";
		};
		ECDD4E9D240D037C0060B14B /* Resources */ = {
			isa = PBXGroup;
			children = (
				EC5183B72409419300C9AE9F /* Info.plist */,
				EC5183B22409419300C9AE9F /* Assets.xcassets */,
			);
			name = Resources;
			sourceTree = "<group>";
		};
		ECDD4E9F240D03980060B14B /* Storyboards */ = {
			isa = PBXGroup;
			children = (
				EC5183B42409419300C9AE9F /* LaunchScreen.storyboard */,
				EC5183AF2409418F00C9AE9F /* Main.storyboard */,
			);
			name = Storyboards;
			sourceTree = "<group>";
		};
		ECDD4EA0240D03A90060B14B /* AppDelegates */ = {
			isa = PBXGroup;
			children = (
				EC5183A92409418F00C9AE9F /* AppDelegate.swift */,
				EC5183AB2409418F00C9AE9F /* SceneDelegate.swift */,
			);
			name = AppDelegates;
			sourceTree = "<group>";
		};
		ECDD4EA4240D03E30060B14B /* ViewControllers */ = {
			isa = PBXGroup;
			children = (
				ECDD4E98240D02C70060B14B /* HostViewController.swift */,
				EC5183AD2409418F00C9AE9F /* ViewController.swift */,
				ECDD4EA6240D0F720060B14B /* AgoraViewControllerProtocol.swift */,
			);
			name = ViewControllers;
			sourceTree = "<group>";
		};
		ECDD4EA5240D03F40060B14B /* VIdeoCallService */ = {
			isa = PBXGroup;
			children = (
				ECDD4E96240C6B830060B14B /* VideoCallService.swift */,
				ECDD4EA8240D1F760060B14B /* VideoSource.swift */,
				ECDD4EAC240D33DE0060B14B /* ImageConverter.swift */,
			);
			name = VIdeoCallService;
			sourceTree = "<group>";
		};
/* End PBXGroup section */

/* Begin PBXNativeTarget section */
		EC5183A52409418F00C9AE9F /* Agora_AR_Call */ = {
			isa = PBXNativeTarget;
			buildConfigurationList = EC5183BA2409419300C9AE9F /* Build configuration list for PBXNativeTarget "Agora_AR_Call" */;
			buildPhases = (
				B2521A6775739811EE801D57 /* [CP] Check Pods Manifest.lock */,
				EC5183A22409418F00C9AE9F /* Sources */,
				EC5183A32409418F00C9AE9F /* Frameworks */,
				EC5183A42409418F00C9AE9F /* Resources */,
			);
			buildRules = (
			);
			dependencies = (
			);
			name = Agora_AR_Call;
			productName = Agora_AR_Call;
			productReference = EC5183A62409418F00C9AE9F /* Agora_AR_Call.app */;
			productType = "com.apple.product-type.application";
		};
/* End PBXNativeTarget section */

/* Begin PBXProject section */
		EC51839E2409418E00C9AE9F /* Project object */ = {
			isa = PBXProject;
			attributes = {
				LastSwiftUpdateCheck = 1130;
				LastUpgradeCheck = 1130;
				ORGANIZATIONNAME = "Etiketa Interactive";
				TargetAttributes = {
					EC5183A52409418F00C9AE9F = {
						CreatedOnToolsVersion = 11.3.1;
					};
				};
			};
			buildConfigurationList = EC5183A12409418F00C9AE9F /* Build configuration list for PBXProject "Agora_AR_Call" */;
			compatibilityVersion = "Xcode 9.3";
			developmentRegion = en;
			hasScannedForEncodings = 0;
			knownRegions = (
				en,
				Base,
			);
			mainGroup = EC51839D2409418E00C9AE9F;
			productRefGroup = EC5183A72409418F00C9AE9F /* Products */;
			projectDirPath = "";
			projectRoot = "";
			targets = (
				EC5183A52409418F00C9AE9F /* Agora_AR_Call */,
			);
		};
/* End PBXProject section */

/* Begin PBXResourcesBuildPhase section */
		EC5183A42409418F00C9AE9F /* Resources */ = {
			isa = PBXResourcesBuildPhase;
			buildActionMask = 2147483647;
			files = (
				EC5183B62409419300C9AE9F /* LaunchScreen.storyboard in Resources */,
				EC5183B32409419300C9AE9F /* Assets.xcassets in Resources */,
				EC5183B12409418F00C9AE9F /* Main.storyboard in Resources */,
			);
			runOnlyForDeploymentPostprocessing = 0;
		};
/* End PBXResourcesBuildPhase section */

/* Begin PBXShellScriptBuildPhase section */
		B2521A6775739811EE801D57 /* [CP] Check Pods Manifest.lock */ = {
			isa = PBXShellScriptBuildPhase;
			buildActionMask = 2147483647;
			files = (
			);
			inputFileListPaths = (
			);
			inputPaths = (
				"${PODS_PODFILE_DIR_PATH}/Podfile.lock",
				"${PODS_ROOT}/Manifest.lock",
			);
			name = "[CP] Check Pods Manifest.lock";
			outputFileListPaths = (
			);
			outputPaths = (
				"$(DERIVED_FILE_DIR)/Pods-Agora_AR_Call-checkManifestLockResult.txt",
			);
			runOnlyForDeploymentPostprocessing = 0;
			shellPath = /bin/sh;
			shellScript = "diff \"${PODS_PODFILE_DIR_PATH}/Podfile.lock\" \"${PODS_ROOT}/Manifest.lock\" > /dev/null\nif [ $? != 0 ] ; then\n    # print error to STDERR\n    echo \"error: The sandbox is not in sync with the Podfile.lock. Run 'pod install' or update your CocoaPods installation.\" >&2\n    exit 1\nfi\n# This output is used by Xcode 'outputs' to avoid re-running this script phase.\necho \"SUCCESS\" > \"${SCRIPT_OUTPUT_FILE_0}\"\n";
			showEnvVarsInLog = 0;
		};
/* End PBXShellScriptBuildPhase section */

/* Begin PBXSourcesBuildPhase section */
		EC5183A22409418F00C9AE9F /* Sources */ = {
			isa = PBXSourcesBuildPhase;
			buildActionMask = 2147483647;
			files = (
				ECDD4EA9240D1F760060B14B /* VideoSource.swift in Sources */,
				EC5183AE2409418F00C9AE9F /* ViewController.swift in Sources */,
				ECDD4EAD240D33DE0060B14B /* ImageConverter.swift in Sources */,
				ECDD4EA7240D0F720060B14B /* AgoraViewControllerProtocol.swift in Sources */,
				ECDD4E99240D02C70060B14B /* HostViewController.swift in Sources */,
				ECDD4E97240C6B830060B14B /* VideoCallService.swift in Sources */,
				EC5183AA2409418F00C9AE9F /* AppDelegate.swift in Sources */,
				EC5183AC2409418F00C9AE9F /* SceneDelegate.swift in Sources */,
			);
			runOnlyForDeploymentPostprocessing = 0;
		};
/* End PBXSourcesBuildPhase section */

/* Begin PBXVariantGroup section */
		EC5183AF2409418F00C9AE9F /* Main.storyboard */ = {
			isa = PBXVariantGroup;
			children = (
				EC5183B02409418F00C9AE9F /* Base */,
			);
			name = Main.storyboard;
			sourceTree = "<group>";
		};
		EC5183B42409419300C9AE9F /* LaunchScreen.storyboard */ = {
			isa = PBXVariantGroup;
			children = (
				EC5183B52409419300C9AE9F /* Base */,
			);
			name = LaunchScreen.storyboard;
			sourceTree = "<group>";
		};
/* End PBXVariantGroup section */

/* Begin XCBuildConfiguration section */
		EC5183B82409419300C9AE9F /* Debug */ = {
			isa = XCBuildConfiguration;
			buildSettings = {
				ALWAYS_SEARCH_USER_PATHS = NO;
				CLANG_ANALYZER_NONNULL = YES;
				CLANG_ANALYZER_NUMBER_OBJECT_CONVERSION = YES_AGGRESSIVE;
				CLANG_CXX_LANGUAGE_STANDARD = "gnu++14";
				CLANG_CXX_LIBRARY = "libc++";
				CLANG_ENABLE_MODULES = YES;
				CLANG_ENABLE_OBJC_ARC = YES;
				CLANG_ENABLE_OBJC_WEAK = YES;
				CLANG_WARN_BLOCK_CAPTURE_AUTORELEASING = YES;
				CLANG_WARN_BOOL_CONVERSION = YES;
				CLANG_WARN_COMMA = YES;
				CLANG_WARN_CONSTANT_CONVERSION = YES;
				CLANG_WARN_DEPRECATED_OBJC_IMPLEMENTATIONS = YES;
				CLANG_WARN_DIRECT_OBJC_ISA_USAGE = YES_ERROR;
				CLANG_WARN_DOCUMENTATION_COMMENTS = YES;
				CLANG_WARN_EMPTY_BODY = YES;
				CLANG_WARN_ENUM_CONVERSION = YES;
				CLANG_WARN_INFINITE_RECURSION = YES;
				CLANG_WARN_INT_CONVERSION = YES;
				CLANG_WARN_NON_LITERAL_NULL_CONVERSION = YES;
				CLANG_WARN_OBJC_IMPLICIT_RETAIN_SELF = YES;
				CLANG_WARN_OBJC_LITERAL_CONVERSION = YES;
				CLANG_WARN_OBJC_ROOT_CLASS = YES_ERROR;
				CLANG_WARN_RANGE_LOOP_ANALYSIS = YES;
				CLANG_WARN_STRICT_PROTOTYPES = YES;
				CLANG_WARN_SUSPICIOUS_MOVE = YES;
				CLANG_WARN_UNGUARDED_AVAILABILITY = YES_AGGRESSIVE;
				CLANG_WARN_UNREACHABLE_CODE = YES;
				CLANG_WARN__DUPLICATE_METHOD_MATCH = YES;
				COPY_PHASE_STRIP = NO;
				DEBUG_INFORMATION_FORMAT = dwarf;
				ENABLE_STRICT_OBJC_MSGSEND = YES;
				ENABLE_TESTABILITY = YES;
				GCC_C_LANGUAGE_STANDARD = gnu11;
				GCC_DYNAMIC_NO_PIC = NO;
				GCC_NO_COMMON_BLOCKS = YES;
				GCC_OPTIMIZATION_LEVEL = 0;
				GCC_PREPROCESSOR_DEFINITIONS = (
					"DEBUG=1",
					"$(inherited)",
				);
				GCC_WARN_64_TO_32_BIT_CONVERSION = YES;
				GCC_WARN_ABOUT_RETURN_TYPE = YES_ERROR;
				GCC_WARN_UNDECLARED_SELECTOR = YES;
				GCC_WARN_UNINITIALIZED_AUTOS = YES_AGGRESSIVE;
				GCC_WARN_UNUSED_FUNCTION = YES;
				GCC_WARN_UNUSED_VARIABLE = YES;
				IPHONEOS_DEPLOYMENT_TARGET = 13.2;
				MTL_ENABLE_DEBUG_INFO = INCLUDE_SOURCE;
				MTL_FAST_MATH = YES;
				ONLY_ACTIVE_ARCH = YES;
				SDKROOT = iphoneos;
				SWIFT_ACTIVE_COMPILATION_CONDITIONS = DEBUG;
				SWIFT_OPTIMIZATION_LEVEL = "-Onone";
			};
			name = Debug;
		};
		EC5183B92409419300C9AE9F /* Release */ = {
			isa = XCBuildConfiguration;
			buildSettings = {
				ALWAYS_SEARCH_USER_PATHS = NO;
				CLANG_ANALYZER_NONNULL = YES;
				CLANG_ANALYZER_NUMBER_OBJECT_CONVERSION = YES_AGGRESSIVE;
				CLANG_CXX_LANGUAGE_STANDARD = "gnu++14";
				CLANG_CXX_LIBRARY = "libc++";
				CLANG_ENABLE_MODULES = YES;
				CLANG_ENABLE_OBJC_ARC = YES;
				CLANG_ENABLE_OBJC_WEAK = YES;
				CLANG_WARN_BLOCK_CAPTURE_AUTORELEASING = YES;
				CLANG_WARN_BOOL_CONVERSION = YES;
				CLANG_WARN_COMMA = YES;
				CLANG_WARN_CONSTANT_CONVERSION = YES;
				CLANG_WARN_DEPRECATED_OBJC_IMPLEMENTATIONS = YES;
				CLANG_WARN_DIRECT_OBJC_ISA_USAGE = YES_ERROR;
				CLANG_WARN_DOCUMENTATION_COMMENTS = YES;
				CLANG_WARN_EMPTY_BODY = YES;
				CLANG_WARN_ENUM_CONVERSION = YES;
				CLANG_WARN_INFINITE_RECURSION = YES;
				CLANG_WARN_INT_CONVERSION = YES;
				CLANG_WARN_NON_LITERAL_NULL_CONVERSION = YES;
				CLANG_WARN_OBJC_IMPLICIT_RETAIN_SELF = YES;
				CLANG_WARN_OBJC_LITERAL_CONVERSION = YES;
				CLANG_WARN_OBJC_ROOT_CLASS = YES_ERROR;
				CLANG_WARN_RANGE_LOOP_ANALYSIS = YES;
				CLANG_WARN_STRICT_PROTOTYPES = YES;
				CLANG_WARN_SUSPICIOUS_MOVE = YES;
				CLANG_WARN_UNGUARDED_AVAILABILITY = YES_AGGRESSIVE;
				CLANG_WARN_UNREACHABLE_CODE = YES;
				CLANG_WARN__DUPLICATE_METHOD_MATCH = YES;
				COPY_PHASE_STRIP = NO;
				DEBUG_INFORMATION_FORMAT = "dwarf-with-dsym";
				ENABLE_NS_ASSERTIONS = NO;
				ENABLE_STRICT_OBJC_MSGSEND = YES;
				GCC_C_LANGUAGE_STANDARD = gnu11;
				GCC_NO_COMMON_BLOCKS = YES;
				GCC_WARN_64_TO_32_BIT_CONVERSION = YES;
				GCC_WARN_ABOUT_RETURN_TYPE = YES_ERROR;
				GCC_WARN_UNDECLARED_SELECTOR = YES;
				GCC_WARN_UNINITIALIZED_AUTOS = YES_AGGRESSIVE;
				GCC_WARN_UNUSED_FUNCTION = YES;
				GCC_WARN_UNUSED_VARIABLE = YES;
				IPHONEOS_DEPLOYMENT_TARGET = 13.2;
				MTL_ENABLE_DEBUG_INFO = NO;
				MTL_FAST_MATH = YES;
				SDKROOT = iphoneos;
				SWIFT_COMPILATION_MODE = wholemodule;
				SWIFT_OPTIMIZATION_LEVEL = "-O";
				VALIDATE_PRODUCT = YES;
			};
			name = Release;
		};
		EC5183BB2409419300C9AE9F /* Debug */ = {
			isa = XCBuildConfiguration;
			baseConfigurationReference = 3DC592F5C82E14F2138A4FD2 /* Pods-Agora_AR_Call.debug.xcconfig */;
			buildSettings = {
				ASSETCATALOG_COMPILER_APPICON_NAME = AppIcon;
				CODE_SIGN_STYLE = Automatic;
				DEVELOPMENT_TEAM = 67BXQ38Q8Q;
				INFOPLIST_FILE = Agora_AR_Call/Info.plist;
				LD_RUNPATH_SEARCH_PATHS = (
					"$(inherited)",
					"@executable_path/Frameworks",
				);
				PRODUCT_BUNDLE_IDENTIFIER = "si.etiketa-interactive.Agora-AR-Call";
				PRODUCT_NAME = "$(TARGET_NAME)";
				SWIFT_VERSION = 5.0;
				TARGETED_DEVICE_FAMILY = "1,2";
			};
			name = Debug;
		};
		EC5183BC2409419300C9AE9F /* Release */ = {
			isa = XCBuildConfiguration;
			baseConfigurationReference = 3C153D851AB1CD1803157F1B /* Pods-Agora_AR_Call.release.xcconfig */;
			buildSettings = {
				ASSETCATALOG_COMPILER_APPICON_NAME = AppIcon;
				CODE_SIGN_STYLE = Automatic;
				DEVELOPMENT_TEAM = 67BXQ38Q8Q;
				INFOPLIST_FILE = Agora_AR_Call/Info.plist;
				LD_RUNPATH_SEARCH_PATHS = (
					"$(inherited)",
					"@executable_path/Frameworks",
				);
				PRODUCT_BUNDLE_IDENTIFIER = "si.etiketa-interactive.Agora-AR-Call";
				PRODUCT_NAME = "$(TARGET_NAME)";
				SWIFT_VERSION = 5.0;
				TARGETED_DEVICE_FAMILY = "1,2";
			};
			name = Release;
		};
/* End XCBuildConfiguration section */

/* Begin XCConfigurationList section */
		EC5183A12409418F00C9AE9F /* Build configuration list for PBXProject "Agora_AR_Call" */ = {
			isa = XCConfigurationList;
			buildConfigurations = (
				EC5183B82409419300C9AE9F /* Debug */,
				EC5183B92409419300C9AE9F /* Release */,
			);
			defaultConfigurationIsVisible = 0;
			defaultConfigurationName = Release;
		};
		EC5183BA2409419300C9AE9F /* Build configuration list for PBXNativeTarget "Agora_AR_Call" */ = {
			isa = XCConfigurationList;
			buildConfigurations = (
				EC5183BB2409419300C9AE9F /* Debug */,
				EC5183BC2409419300C9AE9F /* Release */,
			);
			defaultConfigurationIsVisible = 0;
			defaultConfigurationName = Release;
		};
/* End XCConfigurationList section */
	};
	rootObject = EC51839E2409418E00C9AE9F /* Project object */;
}
